
Microsoft Visual Studio Solution File, Format Version 12.00
# Visual Studio Version 17
VisualStudioVersion = 17.0.31903.59
MinimumVisualStudioVersion = 10.0.40219.1
Project("{FAE04EC0-301F-11D3-BF4B-00C04F79EFBC}") = "SelfAspNet", "SelfAspNet\SelfAspNet.csproj", "{A7C4B005-76C2-4278-9436-1A9609F85F61}"
EndProject
Project("{FAE04EC0-301F-11D3-BF4B-00C04F79EFBC}") = "CoreIdentity", "CoreIdentity\CoreIdentity.csproj", "{F324DEC6-44EE-4635-813D-83E959E67B5F}"
EndProject
Global
	GlobalSection(SolutionConfigurationPlatforms) = preSolution
		Debug|Any CPU = Debug|Any CPU
		Release|Any CPU = Release|Any CPU
	EndGlobalSection
	GlobalSection(SolutionProperties) = preSolution
		HideSolutionNode = FALSE
	EndGlobalSection
	GlobalSection(ProjectConfigurationPlatforms) = postSolution
		{A7C4B005-76C2-4278-9436-1A9609F85F61}.Debug|Any CPU.ActiveCfg = Debug|Any CPU
		{A7C4B005-76C2-4278-9436-1A9609F85F61}.Debug|Any CPU.Build.0 = Debug|Any CPU
		{A7C4B005-76C2-4278-9436-1A9609F85F61}.Release|Any CPU.ActiveCfg = Release|Any CPU
		{A7C4B005-76C2-4278-9436-1A9609F85F61}.Release|Any CPU.Build.0 = Release|Any CPU
		{F324DEC6-44EE-4635-813D-83E959E67B5F}.Debug|Any CPU.ActiveCfg = Debug|Any CPU
		{F324DEC6-44EE-4635-813D-83E959E67B5F}.Debug|Any CPU.Build.0 = Debug|Any CPU
		{F324DEC6-44EE-4635-813D-83E959E67B5F}.Release|Any CPU.ActiveCfg = Release|Any CPU
		{F324DEC6-44EE-4635-813D-83E959E67B5F}.Release|Any CPU.Build.0 = Release|Any CPU
	EndGlobalSection
EndGlobal
